
Microsoft Visual Studio Solution File, Format Version 12.00
# Visual Studio 14
VisualStudioVersion = 14.0.23107.0
MinimumVisualStudioVersion = 10.0.40219.1
Project("{FAE04EC0-301F-11D3-BF4B-00C04F79EFBC}") = "Common", "Common\Common.csproj", "{4F125A9B-ED37-4F07-B126-30761CB2D108}"
EndProject
Project("{FAE04EC0-301F-11D3-BF4B-00C04F79EFBC}") = "Game", "Game\Game.csproj", "{EF2931A2-0A29-4484-B235-50C4566DC9F1}"
EndProject
Project("{FAE04EC0-301F-11D3-BF4B-00C04F79EFBC}") = "Formula", "Formula\Formula.csproj", "{96570687-D59E-4926-AD0F-EA861144B10C}"
EndProject
Project("{FAE04EC0-301F-11D3-BF4B-00C04F79EFBC}") = "FormulaUser", "FormulaUser\FormulaUser.csproj", "{91C98FEF-EA41-48D4-9D0D-72A4F6387113}"
EndProject
Project("{8BC9CEB8-8B4A-11D0-8D11-00A0C91BC942}") = "Reel", "Reel\Reel.vcxproj", "{44E72E2F-3344-4A8A-B681-C21B7D2B333A}"
EndProject
Project("{FAE04EC0-301F-11D3-BF4B-00C04F79EFBC}") = "UnitTest", "UnitTest\UnitTest.csproj", "{9002AA36-24AD-4325-B452-89885B8883E4}"
EndProject
Project("{FAE04EC0-301F-11D3-BF4B-00C04F79EFBC}") = "Spreadsheet", "Spreadsheet\Spreadsheet.csproj", "{6E826834-E8A6-4012-9B43-B2698D2FD07D}"
EndProject
Global
	GlobalSection(SolutionConfigurationPlatforms) = preSolution
		Debug|Any CPU = Debug|Any CPU
		Debug|x64 = Debug|x64
		Debug|x86 = Debug|x86
		Release|Any CPU = Release|Any CPU
		Release|x64 = Release|x64
		Release|x86 = Release|x86
	EndGlobalSection
	GlobalSection(ProjectConfigurationPlatforms) = postSolution
		{4F125A9B-ED37-4F07-B126-30761CB2D108}.Debug|Any CPU.ActiveCfg = Debug|Any CPU
		{4F125A9B-ED37-4F07-B126-30761CB2D108}.Debug|Any CPU.Build.0 = Debug|Any CPU
		{4F125A9B-ED37-4F07-B126-30761CB2D108}.Debug|x64.ActiveCfg = Debug|x64
		{4F125A9B-ED37-4F07-B126-30761CB2D108}.Debug|x64.Build.0 = Debug|x64
		{4F125A9B-ED37-4F07-B126-30761CB2D108}.Debug|x86.ActiveCfg = Debug|x86
		{4F125A9B-ED37-4F07-B126-30761CB2D108}.Debug|x86.Build.0 = Debug|x86
		{4F125A9B-ED37-4F07-B126-30761CB2D108}.Release|Any CPU.ActiveCfg = Release|Any CPU
		{4F125A9B-ED37-4F07-B126-30761CB2D108}.Release|Any CPU.Build.0 = Release|Any CPU
		{4F125A9B-ED37-4F07-B126-30761CB2D108}.Release|x64.ActiveCfg = Release|Any CPU
		{4F125A9B-ED37-4F07-B126-30761CB2D108}.Release|x64.Build.0 = Release|Any CPU
		{4F125A9B-ED37-4F07-B126-30761CB2D108}.Release|x86.ActiveCfg = Release|Any CPU
		{4F125A9B-ED37-4F07-B126-30761CB2D108}.Release|x86.Build.0 = Release|Any CPU
		{EF2931A2-0A29-4484-B235-50C4566DC9F1}.Debug|Any CPU.ActiveCfg = Debug|Any CPU
		{EF2931A2-0A29-4484-B235-50C4566DC9F1}.Debug|Any CPU.Build.0 = Debug|Any CPU
		{EF2931A2-0A29-4484-B235-50C4566DC9F1}.Debug|x64.ActiveCfg = Debug|x64
		{EF2931A2-0A29-4484-B235-50C4566DC9F1}.Debug|x64.Build.0 = Debug|x64
		{EF2931A2-0A29-4484-B235-50C4566DC9F1}.Debug|x86.ActiveCfg = Debug|Any CPU
		{EF2931A2-0A29-4484-B235-50C4566DC9F1}.Debug|x86.Build.0 = Debug|Any CPU
		{EF2931A2-0A29-4484-B235-50C4566DC9F1}.Release|Any CPU.ActiveCfg = Release|Any CPU
		{EF2931A2-0A29-4484-B235-50C4566DC9F1}.Release|Any CPU.Build.0 = Release|Any CPU
		{EF2931A2-0A29-4484-B235-50C4566DC9F1}.Release|x64.ActiveCfg = Release|Any CPU
		{EF2931A2-0A29-4484-B235-50C4566DC9F1}.Release|x64.Build.0 = Release|Any CPU
		{EF2931A2-0A29-4484-B235-50C4566DC9F1}.Release|x86.ActiveCfg = Release|Any CPU
		{EF2931A2-0A29-4484-B235-50C4566DC9F1}.Release|x86.Build.0 = Release|Any CPU
		{96570687-D59E-4926-AD0F-EA861144B10C}.Debug|Any CPU.ActiveCfg = Debug|Any CPU
		{96570687-D59E-4926-AD0F-EA861144B10C}.Debug|Any CPU.Build.0 = Debug|Any CPU
		{96570687-D59E-4926-AD0F-EA861144B10C}.Debug|x64.ActiveCfg = Debug|x64
		{96570687-D59E-4926-AD0F-EA861144B10C}.Debug|x64.Build.0 = Debug|x64
		{96570687-D59E-4926-AD0F-EA861144B10C}.Debug|x86.ActiveCfg = Debug|x86
		{96570687-D59E-4926-AD0F-EA861144B10C}.Debug|x86.Build.0 = Debug|x86
		{96570687-D59E-4926-AD0F-EA861144B10C}.Debug|x86.Deploy.0 = Debug|x86
		{96570687-D59E-4926-AD0F-EA861144B10C}.Release|Any CPU.ActiveCfg = Release|Any CPU
		{96570687-D59E-4926-AD0F-EA861144B10C}.Release|Any CPU.Build.0 = Release|Any CPU
		{96570687-D59E-4926-AD0F-EA861144B10C}.Release|x64.ActiveCfg = Release|Any CPU
		{96570687-D59E-4926-AD0F-EA861144B10C}.Release|x64.Build.0 = Release|Any CPU
		{96570687-D59E-4926-AD0F-EA861144B10C}.Release|x86.ActiveCfg = Release|Any CPU
		{96570687-D59E-4926-AD0F-EA861144B10C}.Release|x86.Build.0 = Release|Any CPU
		{91C98FEF-EA41-48D4-9D0D-72A4F6387113}.Debug|Any CPU.ActiveCfg = Debug|Any CPU
		{91C98FEF-EA41-48D4-9D0D-72A4F6387113}.Debug|Any CPU.Build.0 = Debug|Any CPU
		{91C98FEF-EA41-48D4-9D0D-72A4F6387113}.Debug|x64.ActiveCfg = Debug|x64
		{91C98FEF-EA41-48D4-9D0D-72A4F6387113}.Debug|x64.Build.0 = Debug|x64
		{91C98FEF-EA41-48D4-9D0D-72A4F6387113}.Debug|x86.ActiveCfg = Debug|Any CPU
		{91C98FEF-EA41-48D4-9D0D-72A4F6387113}.Debug|x86.Build.0 = Debug|Any CPU
		{91C98FEF-EA41-48D4-9D0D-72A4F6387113}.Release|Any CPU.ActiveCfg = Release|Any CPU
		{91C98FEF-EA41-48D4-9D0D-72A4F6387113}.Release|Any CPU.Build.0 = Release|Any CPU
		{91C98FEF-EA41-48D4-9D0D-72A4F6387113}.Release|x64.ActiveCfg = Release|Any CPU
		{91C98FEF-EA41-48D4-9D0D-72A4F6387113}.Release|x64.Build.0 = Release|Any CPU
		{91C98FEF-EA41-48D4-9D0D-72A4F6387113}.Release|x86.ActiveCfg = Release|Any CPU
		{91C98FEF-EA41-48D4-9D0D-72A4F6387113}.Release|x86.Build.0 = Release|Any CPU
		{44E72E2F-3344-4A8A-B681-C21B7D2B333A}.Debug|Any CPU.ActiveCfg = Debug|Win32
		{44E72E2F-3344-4A8A-B681-C21B7D2B333A}.Debug|Any CPU.Build.0 = Debug|Win32
		{44E72E2F-3344-4A8A-B681-C21B7D2B333A}.Debug|x64.ActiveCfg = Debug|x64
		{44E72E2F-3344-4A8A-B681-C21B7D2B333A}.Debug|x64.Build.0 = Debug|x64
		{44E72E2F-3344-4A8A-B681-C21B7D2B333A}.Debug|x86.ActiveCfg = Debug|Win32
		{44E72E2F-3344-4A8A-B681-C21B7D2B333A}.Debug|x86.Build.0 = Debug|Win32
		{44E72E2F-3344-4A8A-B681-C21B7D2B333A}.Release|Any CPU.ActiveCfg = Release|Win32
		{44E72E2F-3344-4A8A-B681-C21B7D2B333A}.Release|x64.ActiveCfg = Release|x64
		{44E72E2F-3344-4A8A-B681-C21B7D2B333A}.Release|x64.Build.0 = Release|x64
		{44E72E2F-3344-4A8A-B681-C21B7D2B333A}.Release|x86.ActiveCfg = Release|Win32
		{44E72E2F-3344-4A8A-B681-C21B7D2B333A}.Release|x86.Build.0 = Release|Win32
		{9002AA36-24AD-4325-B452-89885B8883E4}.Debug|Any CPU.ActiveCfg = Debug|Any CPU
		{9002AA36-24AD-4325-B452-89885B8883E4}.Debug|Any CPU.Build.0 = Debug|Any CPU
		{9002AA36-24AD-4325-B452-89885B8883E4}.Debug|x64.ActiveCfg = Debug|x64
		{9002AA36-24AD-4325-B452-89885B8883E4}.Debug|x64.Build.0 = Debug|x64
		{9002AA36-24AD-4325-B452-89885B8883E4}.Debug|x86.ActiveCfg = Debug|Any CPU
		{9002AA36-24AD-4325-B452-89885B8883E4}.Debug|x86.Build.0 = Debug|Any CPU
		{9002AA36-24AD-4325-B452-89885B8883E4}.Release|Any CPU.ActiveCfg = Release|Any CPU
		{9002AA36-24AD-4325-B452-89885B8883E4}.Release|Any CPU.Build.0 = Release|Any CPU
		{9002AA36-24AD-4325-B452-89885B8883E4}.Release|x64.ActiveCfg = Release|Any CPU
		{9002AA36-24AD-4325-B452-89885B8883E4}.Release|x64.Build.0 = Release|Any CPU
		{9002AA36-24AD-4325-B452-89885B8883E4}.Release|x86.ActiveCfg = Release|Any CPU
		{9002AA36-24AD-4325-B452-89885B8883E4}.Release|x86.Build.0 = Release|Any CPU
		{6E826834-E8A6-4012-9B43-B2698D2FD07D}.Debug|Any CPU.ActiveCfg = Debug|Any CPU
		{6E826834-E8A6-4012-9B43-B2698D2FD07D}.Debug|Any CPU.Build.0 = Debug|Any CPU
		{6E826834-E8A6-4012-9B43-B2698D2FD07D}.Debug|x64.ActiveCfg = Debug|x64
		{6E826834-E8A6-4012-9B43-B2698D2FD07D}.Debug|x64.Build.0 = Debug|x64
		{6E826834-E8A6-4012-9B43-B2698D2FD07D}.Debug|x86.ActiveCfg = Debug|Any CPU
		{6E826834-E8A6-4012-9B43-B2698D2FD07D}.Debug|x86.Build.0 = Debug|Any CPU
		{6E826834-E8A6-4012-9B43-B2698D2FD07D}.Release|Any CPU.ActiveCfg = Release|Any CPU
		{6E826834-E8A6-4012-9B43-B2698D2FD07D}.Release|Any CPU.Build.0 = Release|Any CPU
		{6E826834-E8A6-4012-9B43-B2698D2FD07D}.Release|x64.ActiveCfg = Release|Any CPU
		{6E826834-E8A6-4012-9B43-B2698D2FD07D}.Release|x64.Build.0 = Release|Any CPU
		{6E826834-E8A6-4012-9B43-B2698D2FD07D}.Release|x86.ActiveCfg = Release|Any CPU
		{6E826834-E8A6-4012-9B43-B2698D2FD07D}.Release|x86.Build.0 = Release|Any CPU
	EndGlobalSection
	GlobalSection(SolutionProperties) = preSolution
		HideSolutionNode = FALSE
	EndGlobalSection
EndGlobal
